// !$*UTF8*$!
{
	archiveVersion = 1;
	classes = {
	};
	objectVersion = 55;
	objects = {

/* Begin PBXBuildFile section */
		B571CB9828EC8868003FC99B /* NewMockDataService.swift in Sources */ = {isa = PBXBuildFile; fileRef = B571CB9728EC8868003FC99B /* NewMockDataService.swift */; };
		B571CB9A28EC88A0003FC99B /* NewMockDataService_Tests.swift in Sources */ = {isa = PBXBuildFile; fileRef = B571CB9928EC88A0003FC99B /* NewMockDataService_Tests.swift */; };
		B588380428EC34E200C7A580 /* UnitTestingBootcampView.swift in Sources */ = {isa = PBXBuildFile; fileRef = B588380328EC34E200C7A580 /* UnitTestingBootcampView.swift */; };
		B588380628EC380100C7A580 /* UnitTestingBootcampViewModel.swift in Sources */ = {isa = PBXBuildFile; fileRef = B588380528EC380100C7A580 /* UnitTestingBootcampViewModel.swift */; };
		B588380E28EC39A900C7A580 /* SwiftUIAdvancedLearning_Tests.swift in Sources */ = {isa = PBXBuildFile; fileRef = B588380D28EC39A900C7A580 /* SwiftUIAdvancedLearning_Tests.swift */; };
		B588381528EC3AA900C7A580 /* UnitTestingBootcampViewModel_Tests.swift in Sources */ = {isa = PBXBuildFile; fileRef = B588381428EC3AA900C7A580 /* UnitTestingBootcampViewModel_Tests.swift */; };
		B58B234028B8B6050093D7AD /* SwiftUIAdvancedLearningApp.swift in Sources */ = {isa = PBXBuildFile; fileRef = B58B233F28B8B6050093D7AD /* SwiftUIAdvancedLearningApp.swift */; };
		B58B234428B8B6060093D7AD /* Assets.xcassets in Resources */ = {isa = PBXBuildFile; fileRef = B58B234328B8B6060093D7AD /* Assets.xcassets */; };
		B58B234728B8B6060093D7AD /* Preview Assets.xcassets in Resources */ = {isa = PBXBuildFile; fileRef = B58B234628B8B6060093D7AD /* Preview Assets.xcassets */; };
		B5A6F4BE28EB187600F7D365 /* ProtocolsBootcamp15.swift in Sources */ = {isa = PBXBuildFile; fileRef = B5A6F4BD28EB187600F7D365 /* ProtocolsBootcamp15.swift */; };
		B5A6F4C028EB233500F7D365 /* DependencyInjectionBootcamp16.swift in Sources */ = {isa = PBXBuildFile; fileRef = B5A6F4BF28EB233500F7D365 /* DependencyInjectionBootcamp16.swift */; };
/* End PBXBuildFile section */

/* Begin PBXContainerItemProxy section */
		B588380F28EC39A900C7A580 /* PBXContainerItemProxy */ = {
			isa = PBXContainerItemProxy;
			containerPortal = B58B233428B8B6050093D7AD /* Project object */;
			proxyType = 1;
			remoteGlobalIDString = B58B233B28B8B6050093D7AD;
			remoteInfo = SwiftUIAdvancedLearning;
		};
/* End PBXContainerItemProxy section */

/* Begin PBXFileReference section */
		B571CB9728EC8868003FC99B /* NewMockDataService.swift */ = {isa = PBXFileReference; lastKnownFileType = sourcecode.swift; path = NewMockDataService.swift; sourceTree = "<group>"; };
		B571CB9928EC88A0003FC99B /* NewMockDataService_Tests.swift */ = {isa = PBXFileReference; lastKnownFileType = sourcecode.swift; path = NewMockDataService_Tests.swift; sourceTree = "<group>"; };
		B588380328EC34E200C7A580 /* UnitTestingBootcampView.swift */ = {isa = PBXFileReference; lastKnownFileType = sourcecode.swift; path = UnitTestingBootcampView.swift; sourceTree = "<group>"; };
		B588380528EC380100C7A580 /* UnitTestingBootcampViewModel.swift */ = {isa = PBXFileReference; lastKnownFileType = sourcecode.swift; path = UnitTestingBootcampViewModel.swift; sourceTree = "<group>"; };
		B588380B28EC39A900C7A580 /* SwiftUIAdvancedLearningTests.xctest */ = {isa = PBXFileReference; explicitFileType = wrapper.cfbundle; includeInIndex = 0; path = SwiftUIAdvancedLearningTests.xctest; sourceTree = BUILT_PRODUCTS_DIR; };
		B588380D28EC39A900C7A580 /* SwiftUIAdvancedLearning_Tests.swift */ = {isa = PBXFileReference; lastKnownFileType = sourcecode.swift; path = SwiftUIAdvancedLearning_Tests.swift; sourceTree = "<group>"; };
		B588381428EC3AA900C7A580 /* UnitTestingBootcampViewModel_Tests.swift */ = {isa = PBXFileReference; lastKnownFileType = sourcecode.swift; path = UnitTestingBootcampViewModel_Tests.swift; sourceTree = "<group>"; };
		B58B233C28B8B6050093D7AD /* SwiftUIAdvancedLearning.app */ = {isa = PBXFileReference; explicitFileType = wrapper.application; includeInIndex = 0; path = SwiftUIAdvancedLearning.app; sourceTree = BUILT_PRODUCTS_DIR; };
		B58B233F28B8B6050093D7AD /* SwiftUIAdvancedLearningApp.swift */ = {isa = PBXFileReference; lastKnownFileType = sourcecode.swift; path = SwiftUIAdvancedLearningApp.swift; sourceTree = "<group>"; };
		B58B234328B8B6060093D7AD /* Assets.xcassets */ = {isa = PBXFileReference; lastKnownFileType = folder.assetcatalog; path = Assets.xcassets; sourceTree = "<group>"; };
		B58B234628B8B6060093D7AD /* Preview Assets.xcassets */ = {isa = PBXFileReference; lastKnownFileType = folder.assetcatalog; path = "Preview Assets.xcassets"; sourceTree = "<group>"; };
		B5A6F4BD28EB187600F7D365 /* ProtocolsBootcamp15.swift */ = {isa = PBXFileReference; lastKnownFileType = sourcecode.swift; path = ProtocolsBootcamp15.swift; sourceTree = "<group>"; };
		B5A6F4BF28EB233500F7D365 /* DependencyInjectionBootcamp16.swift */ = {isa = PBXFileReference; lastKnownFileType = sourcecode.swift; path = DependencyInjectionBootcamp16.swift; sourceTree = "<group>"; };
/* End PBXFileReference section */

/* Begin PBXFrameworksBuildPhase section */
		B588380828EC39A900C7A580 /* Frameworks */ = {
			isa = PBXFrameworksBuildPhase;
			buildActionMask = 2147483647;
			files = (
			);
			runOnlyForDeploymentPostprocessing = 0;
		};
		B58B233928B8B6050093D7AD /* Frameworks */ = {
			isa = PBXFrameworksBuildPhase;
			buildActionMask = 2147483647;
			files = (
			);
			runOnlyForDeploymentPostprocessing = 0;
		};
/* End PBXFrameworksBuildPhase section */

/* Begin PBXGroup section */
		B588380228EC34B500C7A580 /* UnitTestingBootcamp17 */ = {
			isa = PBXGroup;
			children = (
				B588380328EC34E200C7A580 /* UnitTestingBootcampView.swift */,
				B588380528EC380100C7A580 /* UnitTestingBootcampViewModel.swift */,
				B571CB9728EC8868003FC99B /* NewMockDataService.swift */,
			);
			path = UnitTestingBootcamp17;
			sourceTree = "<group>";
		};
		B588380C28EC39A900C7A580 /* SwiftUIAdvancedLearningTests */ = {
			isa = PBXGroup;
			children = (
				B588380D28EC39A900C7A580 /* SwiftUIAdvancedLearning_Tests.swift */,
				B588381428EC3AA900C7A580 /* UnitTestingBootcampViewModel_Tests.swift */,
				B571CB9928EC88A0003FC99B /* NewMockDataService_Tests.swift */,
			);
			path = SwiftUIAdvancedLearningTests;
			sourceTree = "<group>";
		};
		B58B233328B8B6050093D7AD = {
			isa = PBXGroup;
			children = (
				B58B233E28B8B6050093D7AD /* SwiftUIAdvancedLearning */,
				B588380C28EC39A900C7A580 /* SwiftUIAdvancedLearningTests */,
				B58B233D28B8B6050093D7AD /* Products */,
			);
			sourceTree = "<group>";
		};
		B58B233D28B8B6050093D7AD /* Products */ = {
			isa = PBXGroup;
			children = (
				B58B233C28B8B6050093D7AD /* SwiftUIAdvancedLearning.app */,
				B588380B28EC39A900C7A580 /* SwiftUIAdvancedLearningTests.xctest */,
			);
			name = Products;
			sourceTree = "<group>";
		};
		B58B233E28B8B6050093D7AD /* SwiftUIAdvancedLearning */ = {
			isa = PBXGroup;
			children = (
				B58B233F28B8B6050093D7AD /* SwiftUIAdvancedLearningApp.swift */,
				B5A6F4BD28EB187600F7D365 /* ProtocolsBootcamp15.swift */,
				B5A6F4BF28EB233500F7D365 /* DependencyInjectionBootcamp16.swift */,
				B588380228EC34B500C7A580 /* UnitTestingBootcamp17 */,
				B58B234328B8B6060093D7AD /* Assets.xcassets */,
				B58B234528B8B6060093D7AD /* Preview Content */,
			);
			path = SwiftUIAdvancedLearning;
			sourceTree = "<group>";
		};
		B58B234528B8B6060093D7AD /* Preview Content */ = {
			isa = PBXGroup;
			children = (
				B58B234628B8B6060093D7AD /* Preview Assets.xcassets */,
			);
			path = "Preview Content";
			sourceTree = "<group>";
		};
/* End PBXGroup section */

/* Begin PBXNativeTarget section */
		B588380A28EC39A900C7A580 /* SwiftUIAdvancedLearningTests */ = {
			isa = PBXNativeTarget;
			buildConfigurationList = B588381128EC39A900C7A580 /* Build configuration list for PBXNativeTarget "SwiftUIAdvancedLearningTests" */;
			buildPhases = (
				B588380728EC39A900C7A580 /* Sources */,
				B588380828EC39A900C7A580 /* Frameworks */,
				B588380928EC39A900C7A580 /* Resources */,
			);
			buildRules = (
			);
			dependencies = (
				B588381028EC39A900C7A580 /* PBXTargetDependency */,
			);
			name = SwiftUIAdvancedLearningTests;
			productName = SwiftUIAdvancedLearningTests;
			productReference = B588380B28EC39A900C7A580 /* SwiftUIAdvancedLearningTests.xctest */;
			productType = "com.apple.product-type.bundle.unit-test";
		};
		B58B233B28B8B6050093D7AD /* SwiftUIAdvancedLearning */ = {
			isa = PBXNativeTarget;
			buildConfigurationList = B58B234A28B8B6060093D7AD /* Build configuration list for PBXNativeTarget "SwiftUIAdvancedLearning" */;
			buildPhases = (
				B58B233828B8B6050093D7AD /* Sources */,
				B58B233928B8B6050093D7AD /* Frameworks */,
				B58B233A28B8B6050093D7AD /* Resources */,
			);
			buildRules = (
			);
			dependencies = (
			);
			name = SwiftUIAdvancedLearning;
			productName = SwiftUIAdvancedLearning;
			productReference = B58B233C28B8B6050093D7AD /* SwiftUIAdvancedLearning.app */;
			productType = "com.apple.product-type.application";
		};
/* End PBXNativeTarget section */

/* Begin PBXProject section */
		B58B233428B8B6050093D7AD /* Project object */ = {
			isa = PBXProject;
			attributes = {
				BuildIndependentTargetsInParallel = 1;
				LastSwiftUpdateCheck = 1340;
				LastUpgradeCheck = 1340;
				TargetAttributes = {
					B588380A28EC39A900C7A580 = {
						CreatedOnToolsVersion = 13.4.1;
						TestTargetID = B58B233B28B8B6050093D7AD;
					};
					B58B233B28B8B6050093D7AD = {
						CreatedOnToolsVersion = 13.4.1;
					};
				};
			};
			buildConfigurationList = B58B233728B8B6050093D7AD /* Build configuration list for PBXProject "SwiftUIAdvancedLearning" */;
			compatibilityVersion = "Xcode 13.0";
			developmentRegion = en;
			hasScannedForEncodings = 0;
			knownRegions = (
				en,
				Base,
			);
			mainGroup = B58B233328B8B6050093D7AD;
			productRefGroup = B58B233D28B8B6050093D7AD /* Products */;
			projectDirPath = "";
			projectRoot = "";
			targets = (
				B58B233B28B8B6050093D7AD /* SwiftUIAdvancedLearning */,
				B588380A28EC39A900C7A580 /* SwiftUIAdvancedLearningTests */,
			);
		};
/* End PBXProject section */

/* Begin PBXResourcesBuildPhase section */
		B588380928EC39A900C7A580 /* Resources */ = {
			isa = PBXResourcesBuildPhase;
			buildActionMask = 2147483647;
			files = (
			);
			runOnlyForDeploymentPostprocessing = 0;
		};
		B58B233A28B8B6050093D7AD /* Resources */ = {
			isa = PBXResourcesBuildPhase;
			buildActionMask = 2147483647;
			files = (
				B58B234728B8B6060093D7AD /* Preview Assets.xcassets in Resources */,
				B58B234428B8B6060093D7AD /* Assets.xcassets in Resources */,
			);
			runOnlyForDeploymentPostprocessing = 0;
		};
/* End PBXResourcesBuildPhase section */

/* Begin PBXSourcesBuildPhase section */
		B588380728EC39A900C7A580 /* Sources */ = {
			isa = PBXSourcesBuildPhase;
			buildActionMask = 2147483647;
			files = (
				B588381528EC3AA900C7A580 /* UnitTestingBootcampViewModel_Tests.swift in Sources */,
				B588380E28EC39A900C7A580 /* SwiftUIAdvancedLearning_Tests.swift in Sources */,
				B571CB9A28EC88A0003FC99B /* NewMockDataService_Tests.swift in Sources */,
			);
			runOnlyForDeploymentPostprocessing = 0;
		};
		B58B233828B8B6050093D7AD /* Sources */ = {
			isa = PBXSourcesBuildPhase;
			buildActionMask = 2147483647;
			files = (
				B588380628EC380100C7A580 /* UnitTestingBootcampViewModel.swift in Sources */,
				B5A6F4BE28EB187600F7D365 /* ProtocolsBootcamp15.swift in Sources */,
				B58B234028B8B6050093D7AD /* SwiftUIAdvancedLearningApp.swift in Sources */,
				B588380428EC34E200C7A580 /* UnitTestingBootcampView.swift in Sources */,
				B571CB9828EC8868003FC99B /* NewMockDataService.swift in Sources */,
				B5A6F4C028EB233500F7D365 /* DependencyInjectionBootcamp16.swift in Sources */,
			);
			runOnlyForDeploymentPostprocessing = 0;
		};
/* End PBXSourcesBuildPhase section */

/* Begin PBXTargetDependency section */
		B588381028EC39A900C7A580 /* PBXTargetDependency */ = {
			isa = PBXTargetDependency;
			target = B58B233B28B8B6050093D7AD /* SwiftUIAdvancedLearning */;
			targetProxy = B588380F28EC39A900C7A580 /* PBXContainerItemProxy */;
		};
/* End PBXTargetDependency section */

/* Begin XCBuildConfiguration section */
		B588381228EC39A900C7A580 /* Debug */ = {
			isa = XCBuildConfiguration;
			buildSettings = {
				BUNDLE_LOADER = "$(TEST_HOST)";
				CODE_SIGN_STYLE = Automatic;
				CURRENT_PROJECT_VERSION = 1;
				DEVELOPMENT_TEAM = 5MV7V54AJ3;
				GENERATE_INFOPLIST_FILE = YES;
				MARKETING_VERSION = 1.0;
				PRODUCT_BUNDLE_IDENTIFIER = NeedToKnow.SwiftUIAdvancedLearningTests;
				PRODUCT_NAME = "$(TARGET_NAME)";
				SWIFT_EMIT_LOC_STRINGS = NO;
				SWIFT_VERSION = 5.0;
				TARGETED_DEVICE_FAMILY = "1,2";
				TEST_HOST = "$(BUILT_PRODUCTS_DIR)/SwiftUIAdvancedLearning.app/SwiftUIAdvancedLearning";
			};
			name = Debug;
		};
		B588381328EC39A900C7A580 /* Release */ = {
			isa = XCBuildConfiguration;
			buildSettings = {
				BUNDLE_LOADER = "$(TEST_HOST)";
				CODE_SIGN_STYLE = Automatic;
				CURRENT_PROJECT_VERSION = 1;
				DEVELOPMENT_TEAM = 5MV7V54AJ3;
				GENERATE_INFOPLIST_FILE = YES;
				MARKETING_VERSION = 1.0;
				PRODUCT_BUNDLE_IDENTIFIER = NeedToKnow.SwiftUIAdvancedLearningTests;
				PRODUCT_NAME = "$(TARGET_NAME)";
				SWIFT_EMIT_LOC_STRINGS = NO;
				SWIFT_VERSION = 5.0;
				TARGETED_DEVICE_FAMILY = "1,2";
				TEST_HOST = "$(BUILT_PRODUCTS_DIR)/SwiftUIAdvancedLearning.app/SwiftUIAdvancedLearning";
			};
			name = Release;
		};
		B58B234828B8B6060093D7AD /* Debug */ = {
			isa = XCBuildConfiguration;
			buildSettings = {
				ALWAYS_SEARCH_USER_PATHS = NO;
				CLANG_ANALYZER_NONNULL = YES;
				CLANG_ANALYZER_NUMBER_OBJECT_CONVERSION = YES_AGGRESSIVE;
				CLANG_CXX_LANGUAGE_STANDARD = "gnu++17";
				CLANG_ENABLE_MODULES = YES;
				CLANG_ENABLE_OBJC_ARC = YES;
				CLANG_ENABLE_OBJC_WEAK = YES;
				CLANG_WARN_BLOCK_CAPTURE_AUTORELEASING = YES;
				CLANG_WARN_BOOL_CONVERSION = YES;
				CLANG_WARN_COMMA = YES;
				CLANG_WARN_CONSTANT_CONVERSION = YES;
				CLANG_WARN_DEPRECATED_OBJC_IMPLEMENTATIONS = YES;
				CLANG_WARN_DIRECT_OBJC_ISA_USAGE = YES_ERROR;
				CLANG_WARN_DOCUMENTATION_COMMENTS = YES;
				CLANG_WARN_EMPTY_BODY = YES;
				CLANG_WARN_ENUM_CONVERSION = YES;
				CLANG_WARN_INFINITE_RECURSION = YES;
				CLANG_WARN_INT_CONVERSION = YES;
				CLANG_WARN_NON_LITERAL_NULL_CONVERSION = YES;
				CLANG_WARN_OBJC_IMPLICIT_RETAIN_SELF = YES;
				CLANG_WARN_OBJC_LITERAL_CONVERSION = YES;
				CLANG_WARN_OBJC_ROOT_CLASS = YES_ERROR;
				CLANG_WARN_QUOTED_INCLUDE_IN_FRAMEWORK_HEADER = YES;
				CLANG_WARN_RANGE_LOOP_ANALYSIS = YES;
				CLANG_WARN_STRICT_PROTOTYPES = YES;
				CLANG_WARN_SUSPICIOUS_MOVE = YES;
				CLANG_WARN_UNGUARDED_AVAILABILITY = YES_AGGRESSIVE;
				CLANG_WARN_UNREACHABLE_CODE = YES;
				CLANG_WARN__DUPLICATE_METHOD_MATCH = YES;
				COPY_PHASE_STRIP = NO;
				DEBUG_INFORMATION_FORMAT = dwarf;
				ENABLE_STRICT_OBJC_MSGSEND = YES;
				ENABLE_TESTABILITY = YES;
				GCC_C_LANGUAGE_STANDARD = gnu11;
				GCC_DYNAMIC_NO_PIC = NO;
				GCC_NO_COMMON_BLOCKS = YES;
				GCC_OPTIMIZATION_LEVEL = 0;
				GCC_PREPROCESSOR_DEFINITIONS = (
					"DEBUG=1",
					"$(inherited)",
				);
				GCC_WARN_64_TO_32_BIT_CONVERSION = YES;
				GCC_WARN_ABOUT_RETURN_TYPE = YES_ERROR;
				GCC_WARN_UNDECLARED_SELECTOR = YES;
				GCC_WARN_UNINITIALIZED_AUTOS = YES_AGGRESSIVE;
				GCC_WARN_UNUSED_FUNCTION = YES;
				GCC_WARN_UNUSED_VARIABLE = YES;
				IPHONEOS_DEPLOYMENT_TARGET = 15.5;
				MTL_ENABLE_DEBUG_INFO = INCLUDE_SOURCE;
				MTL_FAST_MATH = YES;
				ONLY_ACTIVE_ARCH = YES;
				SDKROOT = iphoneos;
				SWIFT_ACTIVE_COMPILATION_CONDITIONS = DEBUG;
				SWIFT_OPTIMIZATION_LEVEL = "-Onone";
			};
			name = Debug;
		};
		B58B234928B8B6060093D7AD /* Release */ = {
			isa = XCBuildConfiguration;
			buildSettings = {
				ALWAYS_SEARCH_USER_PATHS = NO;
				CLANG_ANALYZER_NONNULL = YES;
				CLANG_ANALYZER_NUMBER_OBJECT_CONVERSION = YES_AGGRESSIVE;
				CLANG_CXX_LANGUAGE_STANDARD = "gnu++17";
				CLANG_ENABLE_MODULES = YES;
				CLANG_ENABLE_OBJC_ARC = YES;
				CLANG_ENABLE_OBJC_WEAK = YES;
				CLANG_WARN_BLOCK_CAPTURE_AUTORELEASING = YES;
				CLANG_WARN_BOOL_CONVERSION = YES;
				CLANG_WARN_COMMA = YES;
				CLANG_WARN_CONSTANT_CONVERSION = YES;
				CLANG_WARN_DEPRECATED_OBJC_IMPLEMENTATIONS = YES;
				CLANG_WARN_DIRECT_OBJC_ISA_USAGE = YES_ERROR;
				CLANG_WARN_DOCUMENTATION_COMMENTS = YES;
				CLANG_WARN_EMPTY_BODY = YES;
				CLANG_WARN_ENUM_CONVERSION = YES;
				CLANG_WARN_INFINITE_RECURSION = YES;
				CLANG_WARN_INT_CONVERSION = YES;
				CLANG_WARN_NON_LITERAL_NULL_CONVERSION = YES;
				CLANG_WARN_OBJC_IMPLICIT_RETAIN_SELF = YES;
				CLANG_WARN_OBJC_LITERAL_CONVERSION = YES;
				CLANG_WARN_OBJC_ROOT_CLASS = YES_ERROR;
				CLANG_WARN_QUOTED_INCLUDE_IN_FRAMEWORK_HEADER = YES;
				CLANG_WARN_RANGE_LOOP_ANALYSIS = YES;
				CLANG_WARN_STRICT_PROTOTYPES = YES;
				CLANG_WARN_SUSPICIOUS_MOVE = YES;
				CLANG_WARN_UNGUARDED_AVAILABILITY = YES_AGGRESSIVE;
				CLANG_WARN_UNREACHABLE_CODE = YES;
				CLANG_WARN__DUPLICATE_METHOD_MATCH = YES;
				COPY_PHASE_STRIP = NO;
				DEBUG_INFORMATION_FORMAT = "dwarf-with-dsym";
				ENABLE_NS_ASSERTIONS = NO;
				ENABLE_STRICT_OBJC_MSGSEND = YES;
				GCC_C_LANGUAGE_STANDARD = gnu11;
				GCC_NO_COMMON_BLOCKS = YES;
				GCC_WARN_64_TO_32_BIT_CONVERSION = YES;
				GCC_WARN_ABOUT_RETURN_TYPE = YES_ERROR;
				GCC_WARN_UNDECLARED_SELECTOR = YES;
				GCC_WARN_UNINITIALIZED_AUTOS = YES_AGGRESSIVE;
				GCC_WARN_UNUSED_FUNCTION = YES;
				GCC_WARN_UNUSED_VARIABLE = YES;
				IPHONEOS_DEPLOYMENT_TARGET = 15.5;
				MTL_ENABLE_DEBUG_INFO = NO;
				MTL_FAST_MATH = YES;
				SDKROOT = iphoneos;
				SWIFT_COMPILATION_MODE = wholemodule;
				SWIFT_OPTIMIZATION_LEVEL = "-O";
				VALIDATE_PRODUCT = YES;
			};
			name = Release;
		};
		B58B234B28B8B6060093D7AD /* Debug */ = {
			isa = XCBuildConfiguration;
			buildSettings = {
				ASSETCATALOG_COMPILER_APPICON_NAME = AppIcon;
				ASSETCATALOG_COMPILER_GLOBAL_ACCENT_COLOR_NAME = AccentColor;
				CODE_SIGN_STYLE = Automatic;
				CURRENT_PROJECT_VERSION = 1;
				DEVELOPMENT_ASSET_PATHS = "\"SwiftUIAdvancedLearning/Preview Content\"";
				DEVELOPMENT_TEAM = 5MV7V54AJ3;
				ENABLE_PREVIEWS = YES;
				GENERATE_INFOPLIST_FILE = YES;
				INFOPLIST_KEY_UIApplicationSceneManifest_Generation = YES;
				INFOPLIST_KEY_UIApplicationSupportsIndirectInputEvents = YES;
				INFOPLIST_KEY_UILaunchScreen_Generation = YES;
				INFOPLIST_KEY_UISupportedInterfaceOrientations_iPad = "UIInterfaceOrientationPortrait UIInterfaceOrientationPortraitUpsideDown UIInterfaceOrientationLandscapeLeft UIInterfaceOrientationLandscapeRight";
				INFOPLIST_KEY_UISupportedInterfaceOrientations_iPhone = "UIInterfaceOrientationPortrait UIInterfaceOrientationLandscapeLeft UIInterfaceOrientationLandscapeRight";
				LD_RUNPATH_SEARCH_PATHS = (
					"$(inherited)",
					"@executable_path/Frameworks",
				);
				MARKETING_VERSION = 1.0;
				PRODUCT_BUNDLE_IDENTIFIER = NeedToKnow.SwiftUIAdvancedLearning;
				PRODUCT_NAME = "$(TARGET_NAME)";
				SWIFT_EMIT_LOC_STRINGS = YES;
				SWIFT_VERSION = 5.0;
				TARGETED_DEVICE_FAMILY = "1,2";
			};
			name = Debug;
		};
		B58B234C28B8B6060093D7AD /* Release */ = {
			isa = XCBuildConfiguration;
			buildSettings = {
				ASSETCATALOG_COMPILER_APPICON_NAME = AppIcon;
				ASSETCATALOG_COMPILER_GLOBAL_ACCENT_COLOR_NAME = AccentColor;
				CODE_SIGN_STYLE = Automatic;
				CURRENT_PROJECT_VERSION = 1;
				DEVELOPMENT_ASSET_PATHS = "\"SwiftUIAdvancedLearning/Preview Content\"";
				DEVELOPMENT_TEAM = 5MV7V54AJ3;
				ENABLE_PREVIEWS = YES;
				GENERATE_INFOPLIST_FILE = YES;
				INFOPLIST_KEY_UIApplicationSceneManifest_Generation = YES;
				INFOPLIST_KEY_UIApplicationSupportsIndirectInputEvents = YES;
				INFOPLIST_KEY_UILaunchScreen_Generation = YES;
				INFOPLIST_KEY_UISupportedInterfaceOrientations_iPad = "UIInterfaceOrientationPortrait UIInterfaceOrientationPortraitUpsideDown UIInterfaceOrientationLandscapeLeft UIInterfaceOrientationLandscapeRight";
				INFOPLIST_KEY_UISupportedInterfaceOrientations_iPhone = "UIInterfaceOrientationPortrait UIInterfaceOrientationLandscapeLeft UIInterfaceOrientationLandscapeRight";
				LD_RUNPATH_SEARCH_PATHS = (
					"$(inherited)",
					"@executable_path/Frameworks",
				);
				MARKETING_VERSION = 1.0;
				PRODUCT_BUNDLE_IDENTIFIER = NeedToKnow.SwiftUIAdvancedLearning;
				PRODUCT_NAME = "$(TARGET_NAME)";
				SWIFT_EMIT_LOC_STRINGS = YES;
				SWIFT_VERSION = 5.0;
				TARGETED_DEVICE_FAMILY = "1,2";
			};
			name = Release;
		};
/* End XCBuildConfiguration section */

/* Begin XCConfigurationList section */
		B588381128EC39A900C7A580 /* Build configuration list for PBXNativeTarget "SwiftUIAdvancedLearningTests" */ = {
			isa = XCConfigurationList;
			buildConfigurations = (
				B588381228EC39A900C7A580 /* Debug */,
				B588381328EC39A900C7A580 /* Release */,
			);
			defaultConfigurationIsVisible = 0;
			defaultConfigurationName = Release;
		};
		B58B233728B8B6050093D7AD /* Build configuration list for PBXProject "SwiftUIAdvancedLearning" */ = {
			isa = XCConfigurationList;
			buildConfigurations = (
				B58B234828B8B6060093D7AD /* Debug */,
				B58B234928B8B6060093D7AD /* Release */,
			);
			defaultConfigurationIsVisible = 0;
			defaultConfigurationName = Release;
		};
		B58B234A28B8B6060093D7AD /* Build configuration list for PBXNativeTarget "SwiftUIAdvancedLearning" */ = {
			isa = XCConfigurationList;
			buildConfigurations = (
				B58B234B28B8B6060093D7AD /* Debug */,
				B58B234C28B8B6060093D7AD /* Release */,
			);
			defaultConfigurationIsVisible = 0;
			defaultConfigurationName = Release;
		};
/* End XCConfigurationList section */
	};
	rootObject = B58B233428B8B6050093D7AD /* Project object */;
}
