// !$*UTF8*$!
{
	archiveVersion = 1;
	classes = {
	};
	objectVersion = 55;
	objects = {

/* Begin PBXBuildFile section */
		B586003628CA54E800A295EB /* Task.swift in Sources */ = {isa = PBXBuildFile; fileRef = B586003528CA54E800A295EB /* Task.swift */; };
		B58B236C28B940430093D7AD /* FirebaseToDoListApp.swift in Sources */ = {isa = PBXBuildFile; fileRef = B58B236B28B940430093D7AD /* FirebaseToDoListApp.swift */; };
		B58B236E28B940430093D7AD /* TaskListView.swift in Sources */ = {isa = PBXBuildFile; fileRef = B58B236D28B940430093D7AD /* TaskListView.swift */; };
		B58B237028B940440093D7AD /* Assets.xcassets in Resources */ = {isa = PBXBuildFile; fileRef = B58B236F28B940440093D7AD /* Assets.xcassets */; };
		B58B237328B940440093D7AD /* Preview Assets.xcassets in Resources */ = {isa = PBXBuildFile; fileRef = B58B237228B940440093D7AD /* Preview Assets.xcassets */; };
		B5EBFC1C28E31DCE00B7650E /* TaskCellViewModel.swift in Sources */ = {isa = PBXBuildFile; fileRef = B5EBFC1B28E31DCE00B7650E /* TaskCellViewModel.swift */; };
		B5EBFC1E28E320F400B7650E /* TaskListViewModel.swift in Sources */ = {isa = PBXBuildFile; fileRef = B5EBFC1D28E320F400B7650E /* TaskListViewModel.swift */; };
		B5EBFC2028E3329300B7650E /* GoogleService-Info.plist in Resources */ = {isa = PBXBuildFile; fileRef = B5EBFC1F28E3329300B7650E /* GoogleService-Info.plist */; };
		B5EBFC2328E333B300B7650E /* FirebaseAnalytics in Frameworks */ = {isa = PBXBuildFile; productRef = B5EBFC2228E333B300B7650E /* FirebaseAnalytics */; };
		B5EBFC2528E333B300B7650E /* FirebaseAuth in Frameworks */ = {isa = PBXBuildFile; productRef = B5EBFC2428E333B300B7650E /* FirebaseAuth */; };
		B5EBFC2728E333B300B7650E /* FirebaseFirestore in Frameworks */ = {isa = PBXBuildFile; productRef = B5EBFC2628E333B300B7650E /* FirebaseFirestore */; };
		B5EBFC2A28E3383700B7650E /* FirebaseFirestoreSwift in Frameworks */ = {isa = PBXBuildFile; productRef = B5EBFC2928E3383700B7650E /* FirebaseFirestoreSwift */; };
		B5EBFC2D28E3389A00B7650E /* TaskRepository.swift in Sources */ = {isa = PBXBuildFile; fileRef = B5EBFC2C28E3389A00B7650E /* TaskRepository.swift */; };
/* End PBXBuildFile section */

/* Begin PBXFileReference section */
		B586003528CA54E800A295EB /* Task.swift */ = {isa = PBXFileReference; lastKnownFileType = sourcecode.swift; path = Task.swift; sourceTree = "<group>"; };
		B58B236828B940430093D7AD /* FirebaseToDoList.app */ = {isa = PBXFileReference; explicitFileType = wrapper.application; includeInIndex = 0; path = FirebaseToDoList.app; sourceTree = BUILT_PRODUCTS_DIR; };
		B58B236B28B940430093D7AD /* FirebaseToDoListApp.swift */ = {isa = PBXFileReference; lastKnownFileType = sourcecode.swift; path = FirebaseToDoListApp.swift; sourceTree = "<group>"; };
		B58B236D28B940430093D7AD /* TaskListView.swift */ = {isa = PBXFileReference; lastKnownFileType = sourcecode.swift; path = TaskListView.swift; sourceTree = "<group>"; };
		B58B236F28B940440093D7AD /* Assets.xcassets */ = {isa = PBXFileReference; lastKnownFileType = folder.assetcatalog; path = Assets.xcassets; sourceTree = "<group>"; };
		B58B237228B940440093D7AD /* Preview Assets.xcassets */ = {isa = PBXFileReference; lastKnownFileType = folder.assetcatalog; path = "Preview Assets.xcassets"; sourceTree = "<group>"; };
		B5EBFC1B28E31DCE00B7650E /* TaskCellViewModel.swift */ = {isa = PBXFileReference; lastKnownFileType = sourcecode.swift; path = TaskCellViewModel.swift; sourceTree = "<group>"; };
		B5EBFC1D28E320F400B7650E /* TaskListViewModel.swift */ = {isa = PBXFileReference; lastKnownFileType = sourcecode.swift; path = TaskListViewModel.swift; sourceTree = "<group>"; };
		B5EBFC1F28E3329300B7650E /* GoogleService-Info.plist */ = {isa = PBXFileReference; fileEncoding = 4; lastKnownFileType = text.plist.xml; path = "GoogleService-Info.plist"; sourceTree = "<group>"; };
		B5EBFC2C28E3389A00B7650E /* TaskRepository.swift */ = {isa = PBXFileReference; lastKnownFileType = sourcecode.swift; path = TaskRepository.swift; sourceTree = "<group>"; };
/* End PBXFileReference section */

/* Begin PBXFrameworksBuildPhase section */
		B58B236528B940430093D7AD /* Frameworks */ = {
			isa = PBXFrameworksBuildPhase;
			buildActionMask = 2147483647;
			files = (
				B5EBFC2328E333B300B7650E /* FirebaseAnalytics in Frameworks */,
				B5EBFC2528E333B300B7650E /* FirebaseAuth in Frameworks */,
				B5EBFC2728E333B300B7650E /* FirebaseFirestore in Frameworks */,
				B5EBFC2A28E3383700B7650E /* FirebaseFirestoreSwift in Frameworks */,
			);
			runOnlyForDeploymentPostprocessing = 0;
		};
/* End PBXFrameworksBuildPhase section */

/* Begin PBXGroup section */
		B586003428CA54D700A295EB /* Model */ = {
			isa = PBXGroup;
			children = (
				B586003528CA54E800A295EB /* Task.swift */,
			);
			path = Model;
			sourceTree = "<group>";
		};
		B586003728CA55C900A295EB /* Views */ = {
			isa = PBXGroup;
			children = (
				B58B236D28B940430093D7AD /* TaskListView.swift */,
			);
			path = Views;
			sourceTree = "<group>";
		};
		B58B235F28B940430093D7AD = {
			isa = PBXGroup;
			children = (
				B58B236A28B940430093D7AD /* FirebaseToDoList */,
				B58B236928B940430093D7AD /* Products */,
			);
			sourceTree = "<group>";
		};
		B58B236928B940430093D7AD /* Products */ = {
			isa = PBXGroup;
			children = (
				B58B236828B940430093D7AD /* FirebaseToDoList.app */,
			);
			name = Products;
			sourceTree = "<group>";
		};
		B58B236A28B940430093D7AD /* FirebaseToDoList */ = {
			isa = PBXGroup;
			children = (
				B58B236B28B940430093D7AD /* FirebaseToDoListApp.swift */,
				B586003428CA54D700A295EB /* Model */,
				B586003728CA55C900A295EB /* Views */,
				B5EBFC1A28E31DBA00B7650E /* ViewModels */,
				B5EBFC2B28E3387200B7650E /* Repositories */,
				B58B236F28B940440093D7AD /* Assets.xcassets */,
				B5EBFC1F28E3329300B7650E /* GoogleService-Info.plist */,
				B58B237128B940440093D7AD /* Preview Content */,
			);
			path = FirebaseToDoList;
			sourceTree = "<group>";
		};
		B58B237128B940440093D7AD /* Preview Content */ = {
			isa = PBXGroup;
			children = (
				B58B237228B940440093D7AD /* Preview Assets.xcassets */,
			);
			path = "Preview Content";
			sourceTree = "<group>";
		};
		B5EBFC1A28E31DBA00B7650E /* ViewModels */ = {
			isa = PBXGroup;
			children = (
				B5EBFC1B28E31DCE00B7650E /* TaskCellViewModel.swift */,
				B5EBFC1D28E320F400B7650E /* TaskListViewModel.swift */,
			);
			path = ViewModels;
			sourceTree = "<group>";
		};
		B5EBFC2B28E3387200B7650E /* Repositories */ = {
			isa = PBXGroup;
			children = (
				B5EBFC2C28E3389A00B7650E /* TaskRepository.swift */,
			);
			path = Repositories;
			sourceTree = "<group>";
		};
/* End PBXGroup section */

/* Begin PBXNativeTarget section */
		B58B236728B940430093D7AD /* FirebaseToDoList */ = {
			isa = PBXNativeTarget;
			buildConfigurationList = B58B237628B940440093D7AD /* Build configuration list for PBXNativeTarget "FirebaseToDoList" */;
			buildPhases = (
				B58B236428B940430093D7AD /* Sources */,
				B58B236528B940430093D7AD /* Frameworks */,
				B58B236628B940430093D7AD /* Resources */,
			);
			buildRules = (
			);
			dependencies = (
			);
			name = FirebaseToDoList;
			packageProductDependencies = (
				B5EBFC2228E333B300B7650E /* FirebaseAnalytics */,
				B5EBFC2428E333B300B7650E /* FirebaseAuth */,
				B5EBFC2628E333B300B7650E /* FirebaseFirestore */,
				B5EBFC2928E3383700B7650E /* FirebaseFirestoreSwift */,
			);
			productName = FirebaseToDoList;
			productReference = B58B236828B940430093D7AD /* FirebaseToDoList.app */;
			productType = "com.apple.product-type.application";
		};
/* End PBXNativeTarget section */

/* Begin PBXProject section */
		B58B236028B940430093D7AD /* Project object */ = {
			isa = PBXProject;
			attributes = {
				BuildIndependentTargetsInParallel = 1;
				LastSwiftUpdateCheck = 1340;
				LastUpgradeCheck = 1340;
				TargetAttributes = {
					B58B236728B940430093D7AD = {
						CreatedOnToolsVersion = 13.4.1;
					};
				};
			};
			buildConfigurationList = B58B236328B940430093D7AD /* Build configuration list for PBXProject "FirebaseToDoList" */;
			compatibilityVersion = "Xcode 13.0";
			developmentRegion = en;
			hasScannedForEncodings = 0;
			knownRegions = (
				en,
				Base,
			);
			mainGroup = B58B235F28B940430093D7AD;
			packageReferences = (
				B5EBFC2128E333B300B7650E /* XCRemoteSwiftPackageReference "firebase-ios-sdk" */,
				B5EBFC2828E3383700B7650E /* XCRemoteSwiftPackageReference "firebase-ios-sdk" */,
			);
			productRefGroup = B58B236928B940430093D7AD /* Products */;
			projectDirPath = "";
			projectRoot = "";
			targets = (
				B58B236728B940430093D7AD /* FirebaseToDoList */,
			);
		};
/* End PBXProject section */

/* Begin PBXResourcesBuildPhase section */
		B58B236628B940430093D7AD /* Resources */ = {
			isa = PBXResourcesBuildPhase;
			buildActionMask = 2147483647;
			files = (
				B58B237328B940440093D7AD /* Preview Assets.xcassets in Resources */,
				B58B237028B940440093D7AD /* Assets.xcassets in Resources */,
				B5EBFC2028E3329300B7650E /* GoogleService-Info.plist in Resources */,
			);
			runOnlyForDeploymentPostprocessing = 0;
		};
/* End PBXResourcesBuildPhase section */

/* Begin PBXSourcesBuildPhase section */
		B58B236428B940430093D7AD /* Sources */ = {
			isa = PBXSourcesBuildPhase;
			buildActionMask = 2147483647;
			files = (
				B5EBFC2D28E3389A00B7650E /* TaskRepository.swift in Sources */,
				B58B236E28B940430093D7AD /* TaskListView.swift in Sources */,
				B5EBFC1C28E31DCE00B7650E /* TaskCellViewModel.swift in Sources */,
				B5EBFC1E28E320F400B7650E /* TaskListViewModel.swift in Sources */,
				B586003628CA54E800A295EB /* Task.swift in Sources */,
				B58B236C28B940430093D7AD /* FirebaseToDoListApp.swift in Sources */,
			);
			runOnlyForDeploymentPostprocessing = 0;
		};
/* End PBXSourcesBuildPhase section */

/* Begin XCBuildConfiguration section */
		B58B237428B940440093D7AD /* Debug */ = {
			isa = XCBuildConfiguration;
			buildSettings = {
				ALWAYS_SEARCH_USER_PATHS = NO;
				CLANG_ANALYZER_NONNULL = YES;
				CLANG_ANALYZER_NUMBER_OBJECT_CONVERSION = YES_AGGRESSIVE;
				CLANG_CXX_LANGUAGE_STANDARD = "gnu++17";
				CLANG_ENABLE_MODULES = YES;
				CLANG_ENABLE_OBJC_ARC = YES;
				CLANG_ENABLE_OBJC_WEAK = YES;
				CLANG_WARN_BLOCK_CAPTURE_AUTORELEASING = YES;
				CLANG_WARN_BOOL_CONVERSION = YES;
				CLANG_WARN_COMMA = YES;
				CLANG_WARN_CONSTANT_CONVERSION = YES;
				CLANG_WARN_DEPRECATED_OBJC_IMPLEMENTATIONS = YES;
				CLANG_WARN_DIRECT_OBJC_ISA_USAGE = YES_ERROR;
				CLANG_WARN_DOCUMENTATION_COMMENTS = YES;
				CLANG_WARN_EMPTY_BODY = YES;
				CLANG_WARN_ENUM_CONVERSION = YES;
				CLANG_WARN_INFINITE_RECURSION = YES;
				CLANG_WARN_INT_CONVERSION = YES;
				CLANG_WARN_NON_LITERAL_NULL_CONVERSION = YES;
				CLANG_WARN_OBJC_IMPLICIT_RETAIN_SELF = YES;
				CLANG_WARN_OBJC_LITERAL_CONVERSION = YES;
				CLANG_WARN_OBJC_ROOT_CLASS = YES_ERROR;
				CLANG_WARN_QUOTED_INCLUDE_IN_FRAMEWORK_HEADER = YES;
				CLANG_WARN_RANGE_LOOP_ANALYSIS = YES;
				CLANG_WARN_STRICT_PROTOTYPES = YES;
				CLANG_WARN_SUSPICIOUS_MOVE = YES;
				CLANG_WARN_UNGUARDED_AVAILABILITY = YES_AGGRESSIVE;
				CLANG_WARN_UNREACHABLE_CODE = YES;
				CLANG_WARN__DUPLICATE_METHOD_MATCH = YES;
				COPY_PHASE_STRIP = NO;
				DEBUG_INFORMATION_FORMAT = dwarf;
				ENABLE_STRICT_OBJC_MSGSEND = YES;
				ENABLE_TESTABILITY = YES;
				GCC_C_LANGUAGE_STANDARD = gnu11;
				GCC_DYNAMIC_NO_PIC = NO;
				GCC_NO_COMMON_BLOCKS = YES;
				GCC_OPTIMIZATION_LEVEL = 0;
				GCC_PREPROCESSOR_DEFINITIONS = (
					"DEBUG=1",
					"$(inherited)",
				);
				GCC_WARN_64_TO_32_BIT_CONVERSION = YES;
				GCC_WARN_ABOUT_RETURN_TYPE = YES_ERROR;
				GCC_WARN_UNDECLARED_SELECTOR = YES;
				GCC_WARN_UNINITIALIZED_AUTOS = YES_AGGRESSIVE;
				GCC_WARN_UNUSED_FUNCTION = YES;
				GCC_WARN_UNUSED_VARIABLE = YES;
				IPHONEOS_DEPLOYMENT_TARGET = 15.5;
				MTL_ENABLE_DEBUG_INFO = INCLUDE_SOURCE;
				MTL_FAST_MATH = YES;
				ONLY_ACTIVE_ARCH = YES;
				SDKROOT = iphoneos;
				SWIFT_ACTIVE_COMPILATION_CONDITIONS = DEBUG;
				SWIFT_OPTIMIZATION_LEVEL = "-Onone";
			};
			name = Debug;
		};
		B58B237528B940440093D7AD /* Release */ = {
			isa = XCBuildConfiguration;
			buildSettings = {
				ALWAYS_SEARCH_USER_PATHS = NO;
				CLANG_ANALYZER_NONNULL = YES;
				CLANG_ANALYZER_NUMBER_OBJECT_CONVERSION = YES_AGGRESSIVE;
				CLANG_CXX_LANGUAGE_STANDARD = "gnu++17";
				CLANG_ENABLE_MODULES = YES;
				CLANG_ENABLE_OBJC_ARC = YES;
				CLANG_ENABLE_OBJC_WEAK = YES;
				CLANG_WARN_BLOCK_CAPTURE_AUTORELEASING = YES;
				CLANG_WARN_BOOL_CONVERSION = YES;
				CLANG_WARN_COMMA = YES;
				CLANG_WARN_CONSTANT_CONVERSION = YES;
				CLANG_WARN_DEPRECATED_OBJC_IMPLEMENTATIONS = YES;
				CLANG_WARN_DIRECT_OBJC_ISA_USAGE = YES_ERROR;
				CLANG_WARN_DOCUMENTATION_COMMENTS = YES;
				CLANG_WARN_EMPTY_BODY = YES;
				CLANG_WARN_ENUM_CONVERSION = YES;
				CLANG_WARN_INFINITE_RECURSION = YES;
				CLANG_WARN_INT_CONVERSION = YES;
				CLANG_WARN_NON_LITERAL_NULL_CONVERSION = YES;
				CLANG_WARN_OBJC_IMPLICIT_RETAIN_SELF = YES;
				CLANG_WARN_OBJC_LITERAL_CONVERSION = YES;
				CLANG_WARN_OBJC_ROOT_CLASS = YES_ERROR;
				CLANG_WARN_QUOTED_INCLUDE_IN_FRAMEWORK_HEADER = YES;
				CLANG_WARN_RANGE_LOOP_ANALYSIS = YES;
				CLANG_WARN_STRICT_PROTOTYPES = YES;
				CLANG_WARN_SUSPICIOUS_MOVE = YES;
				CLANG_WARN_UNGUARDED_AVAILABILITY = YES_AGGRESSIVE;
				CLANG_WARN_UNREACHABLE_CODE = YES;
				CLANG_WARN__DUPLICATE_METHOD_MATCH = YES;
				COPY_PHASE_STRIP = NO;
				DEBUG_INFORMATION_FORMAT = "dwarf-with-dsym";
				ENABLE_NS_ASSERTIONS = NO;
				ENABLE_STRICT_OBJC_MSGSEND = YES;
				GCC_C_LANGUAGE_STANDARD = gnu11;
				GCC_NO_COMMON_BLOCKS = YES;
				GCC_WARN_64_TO_32_BIT_CONVERSION = YES;
				GCC_WARN_ABOUT_RETURN_TYPE = YES_ERROR;
				GCC_WARN_UNDECLARED_SELECTOR = YES;
				GCC_WARN_UNINITIALIZED_AUTOS = YES_AGGRESSIVE;
				GCC_WARN_UNUSED_FUNCTION = YES;
				GCC_WARN_UNUSED_VARIABLE = YES;
				IPHONEOS_DEPLOYMENT_TARGET = 15.5;
				MTL_ENABLE_DEBUG_INFO = NO;
				MTL_FAST_MATH = YES;
				SDKROOT = iphoneos;
				SWIFT_COMPILATION_MODE = wholemodule;
				SWIFT_OPTIMIZATION_LEVEL = "-O";
				VALIDATE_PRODUCT = YES;
			};
			name = Release;
		};
		B58B237728B940440093D7AD /* Debug */ = {
			isa = XCBuildConfiguration;
			buildSettings = {
				ASSETCATALOG_COMPILER_APPICON_NAME = AppIcon;
				ASSETCATALOG_COMPILER_GLOBAL_ACCENT_COLOR_NAME = AccentColor;
				CODE_SIGN_STYLE = Automatic;
				CURRENT_PROJECT_VERSION = 1;
				DEVELOPMENT_ASSET_PATHS = "\"FirebaseToDoList/Preview Content\"";
				ENABLE_PREVIEWS = YES;
				GENERATE_INFOPLIST_FILE = YES;
				INFOPLIST_KEY_UIApplicationSceneManifest_Generation = YES;
				INFOPLIST_KEY_UIApplicationSupportsIndirectInputEvents = YES;
				INFOPLIST_KEY_UILaunchScreen_Generation = YES;
				INFOPLIST_KEY_UISupportedInterfaceOrientations_iPad = "UIInterfaceOrientationPortrait UIInterfaceOrientationPortraitUpsideDown UIInterfaceOrientationLandscapeLeft UIInterfaceOrientationLandscapeRight";
				INFOPLIST_KEY_UISupportedInterfaceOrientations_iPhone = "UIInterfaceOrientationPortrait UIInterfaceOrientationLandscapeLeft UIInterfaceOrientationLandscapeRight";
				LD_RUNPATH_SEARCH_PATHS = (
					"$(inherited)",
					"@executable_path/Frameworks",
				);
				MARKETING_VERSION = 1.0;
				PRODUCT_BUNDLE_IDENTIFIER = NeedToKnow.FirebaseToDoList;
				PRODUCT_NAME = "$(TARGET_NAME)";
				SWIFT_EMIT_LOC_STRINGS = YES;
				SWIFT_VERSION = 5.0;
				TARGETED_DEVICE_FAMILY = "1,2";
			};
			name = Debug;
		};
		B58B237828B940440093D7AD /* Release */ = {
			isa = XCBuildConfiguration;
			buildSettings = {
				ASSETCATALOG_COMPILER_APPICON_NAME = AppIcon;
				ASSETCATALOG_COMPILER_GLOBAL_ACCENT_COLOR_NAME = AccentColor;
				CODE_SIGN_STYLE = Automatic;
				CURRENT_PROJECT_VERSION = 1;
				DEVELOPMENT_ASSET_PATHS = "\"FirebaseToDoList/Preview Content\"";
				ENABLE_PREVIEWS = YES;
				GENERATE_INFOPLIST_FILE = YES;
				INFOPLIST_KEY_UIApplicationSceneManifest_Generation = YES;
				INFOPLIST_KEY_UIApplicationSupportsIndirectInputEvents = YES;
				INFOPLIST_KEY_UILaunchScreen_Generation = YES;
				INFOPLIST_KEY_UISupportedInterfaceOrientations_iPad = "UIInterfaceOrientationPortrait UIInterfaceOrientationPortraitUpsideDown UIInterfaceOrientationLandscapeLeft UIInterfaceOrientationLandscapeRight";
				INFOPLIST_KEY_UISupportedInterfaceOrientations_iPhone = "UIInterfaceOrientationPortrait UIInterfaceOrientationLandscapeLeft UIInterfaceOrientationLandscapeRight";
				LD_RUNPATH_SEARCH_PATHS = (
					"$(inherited)",
					"@executable_path/Frameworks",
				);
				MARKETING_VERSION = 1.0;
				PRODUCT_BUNDLE_IDENTIFIER = NeedToKnow.FirebaseToDoList;
				PRODUCT_NAME = "$(TARGET_NAME)";
				SWIFT_EMIT_LOC_STRINGS = YES;
				SWIFT_VERSION = 5.0;
				TARGETED_DEVICE_FAMILY = "1,2";
			};
			name = Release;
		};
/* End XCBuildConfiguration section */

/* Begin XCConfigurationList section */
		B58B236328B940430093D7AD /* Build configuration list for PBXProject "FirebaseToDoList" */ = {
			isa = XCConfigurationList;
			buildConfigurations = (
				B58B237428B940440093D7AD /* Debug */,
				B58B237528B940440093D7AD /* Release */,
			);
			defaultConfigurationIsVisible = 0;
			defaultConfigurationName = Release;
		};
		B58B237628B940440093D7AD /* Build configuration list for PBXNativeTarget "FirebaseToDoList" */ = {
			isa = XCConfigurationList;
			buildConfigurations = (
				B58B237728B940440093D7AD /* Debug */,
				B58B237828B940440093D7AD /* Release */,
			);
			defaultConfigurationIsVisible = 0;
			defaultConfigurationName = Release;
		};
/* End XCConfigurationList section */

/* Begin XCRemoteSwiftPackageReference section */
		B5EBFC2128E333B300B7650E /* XCRemoteSwiftPackageReference "firebase-ios-sdk" */ = {
			isa = XCRemoteSwiftPackageReference;
			repositoryURL = "https://github.com/firebase/firebase-ios-sdk";
			requirement = {
				kind = upToNextMajorVersion;
				minimumVersion = 9.0.0;
			};
		};
		B5EBFC2828E3383700B7650E /* XCRemoteSwiftPackageReference "firebase-ios-sdk" */ = {
			isa = XCRemoteSwiftPackageReference;
			repositoryURL = "https://github.com/firebase/firebase-ios-sdk";
			requirement = {
				branch = master;
				kind = branch;
			};
		};
/* End XCRemoteSwiftPackageReference section */

/* Begin XCSwiftPackageProductDependency section */
		B5EBFC2228E333B300B7650E /* FirebaseAnalytics */ = {
			isa = XCSwiftPackageProductDependency;
			package = B5EBFC2128E333B300B7650E /* XCRemoteSwiftPackageReference "firebase-ios-sdk" */;
			productName = FirebaseAnalytics;
		};
		B5EBFC2428E333B300B7650E /* FirebaseAuth */ = {
			isa = XCSwiftPackageProductDependency;
			package = B5EBFC2128E333B300B7650E /* XCRemoteSwiftPackageReference "firebase-ios-sdk" */;
			productName = FirebaseAuth;
		};
		B5EBFC2628E333B300B7650E /* FirebaseFirestore */ = {
			isa = XCSwiftPackageProductDependency;
			package = B5EBFC2128E333B300B7650E /* XCRemoteSwiftPackageReference "firebase-ios-sdk" */;
			productName = FirebaseFirestore;
		};
		B5EBFC2928E3383700B7650E /* FirebaseFirestoreSwift */ = {
			isa = XCSwiftPackageProductDependency;
			package = B5EBFC2828E3383700B7650E /* XCRemoteSwiftPackageReference "firebase-ios-sdk" */;
			productName = FirebaseFirestoreSwift;
		};
/* End XCSwiftPackageProductDependency section */
	};
	rootObject = B58B236028B940430093D7AD /* Project object */;
}
